
Microsoft Visual Studio Solution File, Format Version 12.00
# Visual Studio Version 16
VisualStudioVersion = 16.0.29911.84
MinimumVisualStudioVersion = 10.0.40219.1
Project("{FAE04EC0-301F-11D3-BF4B-00C04F79EFBC}") = "GrpcGreeter", "GrpcGreeter.csproj", "{0B1ECD70-A50D-4512-82DA-D848CA0F53CA}"
EndProject
Global
	GlobalSection(SolutionConfigurationPlatforms) = preSolution
		Debug|Any CPU = Debug|Any CPU
		Release|Any CPU = Release|Any CPU
	EndGlobalSection
	GlobalSection(ProjectConfigurationPlatforms) = postSolution
		{0B1ECD70-A50D-4512-82DA-D848CA0F53CA}.Debug|Any CPU.ActiveCfg = Debug|Any CPU
		{0B1ECD70-A50D-4512-82DA-D848CA0F53CA}.Debug|Any CPU.Build.0 = Debug|Any CPU
		{0B1ECD70-A50D-4512-82DA-D848CA0F53CA}.Release|Any CPU.ActiveCfg = Release|Any CPU
		{0B1ECD70-A50D-4512-82DA-D848CA0F53CA}.Release|Any CPU.Build.0 = Release|Any CPU
	EndGlobalSection
	GlobalSection(SolutionProperties) = preSolution
		HideSolutionNode = FALSE
	EndGlobalSection
	GlobalSection(ExtensibilityGlobals) = postSolution
		SolutionGuid = {DC9E4188-9A32-41FE-83CA-0094A3037FB4}
	EndGlobalSection
EndGlobal
